{
  "nodes": {
    "flake-utils": {
      "locked": {
        "lastModified": 1652776076,
        "narHash": "sha256-gzTw/v1vj4dOVbpBSJX4J0DwUR6LIyXo7/SuuTJp1kM=",
        "owner": "numtide",
        "repo": "flake-utils",
        "rev": "04c1b180862888302ddfb2e3ad9eaa63afc60cf8",
        "type": "github"
      },
      "original": {
        "owner": "numtide",
        "ref": "v1.0.0",
        "repo": "flake-utils",
        "type": "github"
      }
    },
    "nixos": {
      "locked": {
        "lastModified": 1690271650,
        "narHash": "sha256-qwdsW8DBY1qH+9luliIH7VzgwvL+ZGI3LZWC0LTiDMI=",
        "owner": "NixOS",
        "repo": "nixpkgs",
        "rev": "6dc93f0daec55ee2f441da385aaf143863e3d671",
        "type": "github"
      },
      "original": {
        "owner": "NixOS",
        "ref": "nixos-23.05",
        "repo": "nixpkgs",
        "type": "github"
      }
    },
    "pythoneda-realm-unveilingpartner-realm": {
      "inputs": {
        "flake-utils": [
          "flake-utils"
        ],
        "nixos": [
          "nixos"
        ],
        "pythoneda-shared-artifact-changes-events": [
          "pythoneda-shared-artifact-changes-events"
        ],
        "pythoneda-shared-artifact-changes-shared": [
          "pythoneda-shared-artifact-changes-shared"
        ],
        "pythoneda-shared-code-requests-events": [
          "pythoneda-shared-code-requests-events"
        ],
        "pythoneda-shared-code-requests-shared": [
          "pythoneda-shared-code-requests-shared"
        ],
        "pythoneda-shared-git-shared": [
          "pythoneda-shared-git-shared"
        ],
        "pythoneda-shared-nix-flake-shared": [
          "pythoneda-shared-nix-flake-shared"
        ],
        "pythoneda-shared-pythoneda-banner": [
          "pythoneda-shared-pythoneda-banner"
        ],
        "pythoneda-shared-pythoneda-domain": [
          "pythoneda-shared-pythoneda-domain"
        ],
        "stringtemplate3": [
          "stringtemplate3"
        ]
      },
      "locked": {
        "dir": "realm",
        "lastModified": 1695396676,
        "narHash": "sha256-lHHVhrGv/lhNPsg5K7FmFQWX1yp7v0JOorZOTFf0P70=",
        "owner": "pythoneda-realm-unveilingpartner",
        "repo": "realm-artifact",
        "rev": "3b73328d3e953c472c405b690d6dace9d2cb8d2c",
        "type": "github"
      },
      "original": {
        "dir": "realm",
        "owner": "pythoneda-realm-unveilingpartner",
        "ref": "0.0.1a2",
        "repo": "realm-artifact",
        "type": "github"
      }
    },
    "pythoneda-shared-artifact-changes-events": {
      "inputs": {
        "flake-utils": [
          "flake-utils"
        ],
        "nixos": [
          "nixos"
        ],
        "pythoneda-shared-artifact-changes-shared": [
          "pythoneda-shared-artifact-changes-shared"
        ],
        "pythoneda-shared-code-requests-events": [
          "pythoneda-shared-code-requests-events"
        ],
        "pythoneda-shared-code-requests-shared": [
          "pythoneda-shared-code-requests-shared"
        ],
        "pythoneda-shared-pythoneda-banner": [
          "pythoneda-shared-pythoneda-banner"
        ],
        "pythoneda-shared-pythoneda-domain": [
          "pythoneda-shared-pythoneda-domain"
        ]
      },
      "locked": {
        "dir": "events",
        "lastModified": 1695395000,
        "narHash": "sha256-u+WC3qzIhNoqwhjFiw4Bye7KDOtnbwJchUz6oeN2vQc=",
        "owner": "pythoneda-shared-artifact-changes",
        "repo": "events-artifact",
        "rev": "2f23e2a7c480bb5e781c677722905096956131f5",
        "type": "github"
      },
      "original": {
        "dir": "events",
        "owner": "pythoneda-shared-artifact-changes",
        "ref": "0.0.1a21",
        "repo": "events-artifact",
        "type": "github"
      }
    },
    "pythoneda-shared-artifact-changes-events-infrastructure": {
      "inputs": {
        "flake-utils": [
          "flake-utils"
        ],
        "nixos": [
          "nixos"
        ],
        "pythoneda-shared-artifact-changes-events": [
          "pythoneda-shared-artifact-changes-events"
        ],
        "pythoneda-shared-artifact-changes-shared": [
          "pythoneda-shared-artifact-changes-shared"
        ],
        "pythoneda-shared-code-requests-events": [
          "pythoneda-shared-code-requests-events"
        ],
        "pythoneda-shared-code-requests-shared": [
          "pythoneda-shared-code-requests-shared"
        ],
        "pythoneda-shared-pythoneda-banner": [
          "pythoneda-shared-pythoneda-banner"
        ],
        "pythoneda-shared-pythoneda-domain": [
          "pythoneda-shared-pythoneda-domain"
        ],
        "pythoneda-shared-pythoneda-infrastructure": [
          "pythoneda-shared-pythoneda-infrastructure"
        ]
      },
      "locked": {
        "dir": "events-infrastructure",
        "lastModified": 1695395202,
        "narHash": "sha256-k3A8jQoDBZ/yfImXdiAFWGI47yTsraGnUBPq5zRUtpw=",
        "owner": "pythoneda-shared-artifact-changes",
        "repo": "events-infrastructure-artifact",
        "rev": "8275330a19ea5335c65ba0ea3aa7a6fcf0e4983c",
        "type": "github"
      },
      "original": {
        "dir": "events-infrastructure",
        "owner": "pythoneda-shared-artifact-changes",
        "ref": "0.0.1a16",
        "repo": "events-infrastructure-artifact",
        "type": "github"
      }
    },
    "pythoneda-shared-artifact-changes-shared": {
      "inputs": {
        "flake-utils": [
          "flake-utils"
        ],
        "nixos": [
          "nixos"
        ],
        "pythoneda-shared-pythoneda-banner": [
          "pythoneda-shared-pythoneda-banner"
        ],
        "pythoneda-shared-pythoneda-domain": [
          "pythoneda-shared-pythoneda-domain"
        ]
      },
      "locked": {
        "dir": "shared",
        "lastModified": 1695370381,
        "narHash": "sha256-x5+GiVl3ziFJjM5pqteIDcYEFQuwGEbAK+3Ys+WfDpA=",
        "owner": "pythoneda-shared-artifact-changes",
        "repo": "shared-artifact",
        "rev": "f04bffd8b4078daeb098c4fbbb3a32242d93658f",
        "type": "github"
      },
      "original": {
        "dir": "shared",
        "owner": "pythoneda-shared-artifact-changes",
        "ref": "0.0.1a15",
        "repo": "shared-artifact",
        "type": "github"
      }
    },
    "pythoneda-shared-code-requests-events": {
      "inputs": {
        "flake-utils": [
          "flake-utils"
        ],
        "nixos": [
          "nixos"
        ],
        "pythoneda-shared-artifact-changes-shared": [
          "pythoneda-shared-artifact-changes-shared"
        ],
        "pythoneda-shared-code-requests-shared": [
          "pythoneda-shared-code-requests-shared"
        ],
        "pythoneda-shared-pythoneda-banner": [
          "pythoneda-shared-pythoneda-banner"
        ],
        "pythoneda-shared-pythoneda-domain": [
          "pythoneda-shared-pythoneda-domain"
        ]
      },
      "locked": {
        "dir": "events",
        "lastModified": 1695394455,
        "narHash": "sha256-OUr/NdN2QUMqQTJMQ7jL5taUFhrqTPilDaQRNeq71mA=",
        "owner": "pythoneda-shared-code-requests",
        "repo": "events-artifact",
        "rev": "8aec3261fc9faa029799de3fd2fbd950f7f27aa7",
        "type": "github"
      },
      "original": {
        "dir": "events",
        "owner": "pythoneda-shared-code-requests",
        "ref": "0.0.1a11",
        "repo": "events-artifact",
        "type": "github"
      }
    },
    "pythoneda-shared-code-requests-events-infrastructure": {
      "inputs": {
        "flake-utils": [
          "flake-utils"
        ],
        "nixos": [
          "nixos"
        ],
        "pythoneda-shared-artifact-changes-shared": [
          "pythoneda-shared-artifact-changes-shared"
        ],
        "pythoneda-shared-code-requests-events": [
          "pythoneda-shared-code-requests-events"
        ],
        "pythoneda-shared-code-requests-shared": [
          "pythoneda-shared-code-requests-shared"
        ],
        "pythoneda-shared-pythoneda-banner": [
          "pythoneda-shared-pythoneda-banner"
        ],
        "pythoneda-shared-pythoneda-domain": [
          "pythoneda-shared-pythoneda-domain"
        ],
        "pythoneda-shared-pythoneda-infrastructure": [
          "pythoneda-shared-pythoneda-infrastructure"
        ]
      },
      "locked": {
        "dir": "events-infrastructure",
        "lastModified": 1695394606,
        "narHash": "sha256-kmOqZnIevZGyX/SL2R38l5P9FSjCSkXr0LqPgCgabPQ=",
        "owner": "pythoneda-shared-code-requests",
        "repo": "events-infrastructure-artifact",
        "rev": "3291bb8d1b052f57d644da2ec42d4410e650898a",
        "type": "github"
      },
      "original": {
        "dir": "events-infrastructure",
        "owner": "pythoneda-shared-code-requests",
        "ref": "0.0.1a7",
        "repo": "events-infrastructure-artifact",
        "type": "github"
      }
    },
    "pythoneda-shared-code-requests-jupyterlab": {
      "inputs": {
        "flake-utils": [
          "flake-utils"
        ],
        "nixos": [
          "nixos"
        ],
        "pythoneda-shared-code-requests-shared": [
          "pythoneda-shared-code-requests-shared"
        ],
        "pythoneda-shared-git-shared": [
          "pythoneda-shared-git-shared"
        ],
        "pythoneda-shared-nix-flake-shared": [
          "pythoneda-shared-nix-flake-shared"
        ],
        "pythoneda-shared-pythoneda-banner": [
          "pythoneda-shared-pythoneda-banner"
        ],
        "pythoneda-shared-pythoneda-domain": [
          "pythoneda-shared-pythoneda-domain"
        ]
      },
      "locked": {
        "dir": "jupyterlab",
        "lastModified": 1695394793,
        "narHash": "sha256-AfBc+a/v2WVJCMQafdG7KK9nmi0emTKJI+w5NlIEQFM=",
        "owner": "pythoneda-shared-code-requests",
        "repo": "jupyterlab-artifact",
        "rev": "ecce8476b2d0e6f0f8c01341ab9bd2e3080c4545",
        "type": "github"
      },
      "original": {
        "dir": "jupyterlab",
        "owner": "pythoneda-shared-code-requests",
        "ref": "0.0.1a13",
        "repo": "jupyterlab-artifact",
        "type": "github"
      }
    },
    "pythoneda-shared-code-requests-shared": {
      "inputs": {
        "flake-utils": [
          "flake-utils"
        ],
        "nixos": [
          "nixos"
        ],
        "pythoneda-shared-pythoneda-banner": [
          "pythoneda-shared-pythoneda-banner"
        ],
        "pythoneda-shared-pythoneda-domain": [
          "pythoneda-shared-pythoneda-domain"
        ]
      },
      "locked": {
        "dir": "shared",
        "lastModified": 1695394262,
        "narHash": "sha256-jLBiRn0f3EBYouX95QbJKxLfQ7MXrZJuz4brtBOjRcI=",
        "owner": "pythoneda-shared-code-requests",
        "repo": "shared-artifact",
        "rev": "543a16b709a0fa7adc66c20a13c10c1216f213ee",
        "type": "github"
      },
      "original": {
        "dir": "shared",
        "owner": "pythoneda-shared-code-requests",
        "ref": "0.0.1a11",
        "repo": "shared-artifact",
        "type": "github"
      }
    },
    "pythoneda-shared-git-shared": {
      "inputs": {
        "flake-utils": [
          "flake-utils"
        ],
        "nixos": [
          "nixos"
        ],
        "pythoneda-shared-pythoneda-banner": [
          "pythoneda-shared-pythoneda-banner"
        ],
        "pythoneda-shared-pythoneda-domain": [
          "pythoneda-shared-pythoneda-domain"
        ]
      },
      "locked": {
        "dir": "shared",
        "lastModified": 1695370204,
        "narHash": "sha256-WsdcFUrj44l47JGqJjigIB38OuRLxfSwXkNXmkf34i8=",
        "owner": "pythoneda-shared-git",
        "repo": "shared-artifact",
        "rev": "b9ad1622a479c8c968e9c9af660fd2b68cae7c73",
        "type": "github"
      },
      "original": {
        "dir": "shared",
        "owner": "pythoneda-shared-git",
        "ref": "0.0.1a21",
        "repo": "shared-artifact",
        "type": "github"
      }
    },
    "pythoneda-shared-nix-flake-shared": {
      "inputs": {
        "flake-utils": [
          "flake-utils"
        ],
        "nixos": [
          "nixos"
        ],
        "pythoneda-shared-git-shared": [
          "pythoneda-shared-git-shared"
        ],
        "pythoneda-shared-pythoneda-banner": [
          "pythoneda-shared-pythoneda-banner"
        ],
        "pythoneda-shared-pythoneda-domain": [
          "pythoneda-shared-pythoneda-domain"
        ],
        "stringtemplate3": [
          "stringtemplate3"
        ]
      },
      "locked": {
        "dir": "shared",
        "lastModified": 1695370633,
        "narHash": "sha256-QoXNWPt9jEh1ICnycOmkjncRcu2xFLrU9h2QT2qZoUU=",
        "owner": "pythoneda-shared-nix-flake",
        "repo": "shared-artifact",
        "rev": "de218ce5e39700c2840c40de6dd8c4cafd8c1978",
        "type": "github"
      },
      "original": {
        "dir": "shared",
        "owner": "pythoneda-shared-nix-flake",
        "ref": "0.0.1a8",
        "repo": "shared-artifact",
        "type": "github"
      }
    },
    "pythoneda-shared-pythoneda-banner": {
      "inputs": {
        "flake-utils": [
          "flake-utils"
        ],
        "nixos": [
          "nixos"
        ]
      },
      "locked": {
        "lastModified": 1695303488,
        "narHash": "sha256-PAebhYKUGval3v3UeyaX8GI5DlBZCUytAOK20Ojyaww=",
        "owner": "pythoneda-shared-pythoneda",
        "repo": "banner",
        "rev": "92aca46d03f0546bed4f0f4f885fd5f9181fd8d6",
        "type": "github"
      },
      "original": {
        "owner": "pythoneda-shared-pythoneda",
        "ref": "0.0.1a17",
        "repo": "banner",
        "type": "github"
      }
    },
    "pythoneda-shared-pythoneda-domain": {
      "inputs": {
        "flake-utils": [
          "flake-utils"
        ],
        "nixos": [
          "nixos"
        ],
        "pythoneda-shared-pythoneda-banner": [
          "pythoneda-shared-pythoneda-banner"
        ]
      },
      "locked": {
        "dir": "domain",
        "lastModified": 1695369551,
        "narHash": "sha256-63g23XcJsii/m+qK+WrxO28alToR6GRzuVT4sucm2XY=",
        "owner": "pythoneda-shared-pythoneda",
        "repo": "domain-artifact",
        "rev": "0fcf334e41f4a6eb8d8bd9a66b31bc4035856a96",
        "type": "github"
      },
      "original": {
        "dir": "domain",
        "owner": "pythoneda-shared-pythoneda",
        "ref": "0.0.1a43",
        "repo": "domain-artifact",
        "type": "github"
      }
    },
    "pythoneda-shared-pythoneda-infrastructure": {
      "inputs": {
        "flake-utils": [
          "flake-utils"
        ],
        "nixos": [
          "nixos"
        ],
        "pythoneda-shared-pythoneda-banner": [
          "pythoneda-shared-pythoneda-banner"
        ],
        "pythoneda-shared-pythoneda-domain": [
          "pythoneda-shared-pythoneda-domain"
        ]
      },
      "locked": {
        "dir": "infrastructure",
        "lastModified": 1695369717,
        "narHash": "sha256-mj2CSOog7uoAZjS3EsJm7iQ9r65sT5X2Y6/ElotVbuA=",
        "owner": "pythoneda-shared-pythoneda",
        "repo": "infrastructure-artifact",
        "rev": "2529277cdce77afb5701d4f2ce213b46d94c79e9",
        "type": "github"
      },
      "original": {
        "dir": "infrastructure",
        "owner": "pythoneda-shared-pythoneda",
        "ref": "0.0.1a29",
        "repo": "infrastructure-artifact",
        "type": "github"
      }
    },
    "root": {
      "inputs": {
        "flake-utils": "flake-utils",
        "nixos": "nixos",
        "pythoneda-realm-unveilingpartner-realm": "pythoneda-realm-unveilingpartner-realm",
        "pythoneda-shared-artifact-changes-events": "pythoneda-shared-artifact-changes-events",
        "pythoneda-shared-artifact-changes-events-infrastructure": "pythoneda-shared-artifact-changes-events-infrastructure",
        "pythoneda-shared-artifact-changes-shared": "pythoneda-shared-artifact-changes-shared",
        "pythoneda-shared-code-requests-events": "pythoneda-shared-code-requests-events",
        "pythoneda-shared-code-requests-events-infrastructure": "pythoneda-shared-code-requests-events-infrastructure",
        "pythoneda-shared-code-requests-jupyterlab": "pythoneda-shared-code-requests-jupyterlab",
        "pythoneda-shared-code-requests-shared": "pythoneda-shared-code-requests-shared",
        "pythoneda-shared-git-shared": "pythoneda-shared-git-shared",
        "pythoneda-shared-nix-flake-shared": "pythoneda-shared-nix-flake-shared",
        "pythoneda-shared-pythoneda-banner": "pythoneda-shared-pythoneda-banner",
        "pythoneda-shared-pythoneda-domain": "pythoneda-shared-pythoneda-domain",
        "pythoneda-shared-pythoneda-infrastructure": "pythoneda-shared-pythoneda-infrastructure",
        "stringtemplate3": "stringtemplate3"
      }
    },
    "stringtemplate3": {
      "inputs": {
        "flake-utils": [
          "flake-utils"
        ],
        "nixos": [
          "nixos"
        ]
      },
      "locked": {
        "dir": "stringtemplate3",
        "lastModified": 1695028695,
        "narHash": "sha256-nEyAQq8IJ8Cn8Rnf0jOqfhQ9ya6qtbmf5vuhsDN+KKw=",
        "owner": "rydnr",
        "repo": "nix-flakes",
        "rev": "81e0f7168b7d949c1e1f85897645cba7be7f325c",
        "type": "github"
      },
      "original": {
        "dir": "stringtemplate3",
        "owner": "rydnr",
        "ref": "stringtemplate3-3.1",
        "repo": "nix-flakes",
        "type": "github"
      }
    }
  },
  "root": "root",
  "version": 7
}
